
Microsoft Visual Studio Solution File, Format Version 12.00
# Visual Studio Version 16
VisualStudioVersion = 16.0.30011.22
MinimumVisualStudioVersion = 10.0.40219.1
Project("{FAE04EC0-301F-11D3-BF4B-00C04F79EFBC}") = "SiteVisitsNetCore2020Web", "SiteVisitsNetCore2020Web\SiteVisitsNetCore2020Web.csproj", "{C9F6E6D7-1E89-4E28-85BE-212A780DEF9D}"
EndProject
Global
	GlobalSection(SolutionConfigurationPlatforms) = preSolution
		Debug|Any CPU = Debug|Any CPU
		Release|Any CPU = Release|Any CPU
	EndGlobalSection
	GlobalSection(ProjectConfigurationPlatforms) = postSolution
		{C9F6E6D7-1E89-4E28-85BE-212A780DEF9D}.Debug|Any CPU.ActiveCfg = Debug|Any CPU
		{C9F6E6D7-1E89-4E28-85BE-212A780DEF9D}.Debug|Any CPU.Build.0 = Debug|Any CPU
		{C9F6E6D7-1E89-4E28-85BE-212A780DEF9D}.Release|Any CPU.ActiveCfg = Release|Any CPU
		{C9F6E6D7-1E89-4E28-85BE-212A780DEF9D}.Release|Any CPU.Build.0 = Release|Any CPU
	EndGlobalSection
	GlobalSection(SolutionProperties) = preSolution
		HideSolutionNode = FALSE
	EndGlobalSection
	GlobalSection(ExtensibilityGlobals) = postSolution
		SolutionGuid = {B940A723-C1DC-4C02-892B-24FB1BD06BA4}
	EndGlobalSection
EndGlobal
